// !$*UTF8*$!
{
	archiveVersion = 1;
	classes = {
	};
	objectVersion = 50;
	objects = {

/* Begin PBXBuildFile section */
		B20567FF2641A35500538E4A /* AppDelegate.swift in Sources */ = {isa = PBXBuildFile; fileRef = B20567FE2641A35500538E4A /* AppDelegate.swift */; };
		B20568012641A35500538E4A /* SceneDelegate.swift in Sources */ = {isa = PBXBuildFile; fileRef = B20568002641A35500538E4A /* SceneDelegate.swift */; };
		B20568032641A35500538E4A /* ViewController.swift in Sources */ = {isa = PBXBuildFile; fileRef = B20568022641A35500538E4A /* ViewController.swift */; };
		B20568062641A35500538E4A /* Main.storyboard in Resources */ = {isa = PBXBuildFile; fileRef = B20568042641A35500538E4A /* Main.storyboard */; };
		B20568082641A35600538E4A /* Assets.xcassets in Resources */ = {isa = PBXBuildFile; fileRef = B20568072641A35600538E4A /* Assets.xcassets */; };
		B205680B2641A35600538E4A /* LaunchScreen.storyboard in Resources */ = {isa = PBXBuildFile; fileRef = B20568092641A35600538E4A /* LaunchScreen.storyboard */; };
		B20568162641A35600538E4A /* UserDefaultsTests.swift in Sources */ = {isa = PBXBuildFile; fileRef = B20568152641A35600538E4A /* UserDefaultsTests.swift */; };
		B20568212641A35600538E4A /* UserDefaultsUITests.swift in Sources */ = {isa = PBXBuildFile; fileRef = B20568202641A35600538E4A /* UserDefaultsUITests.swift */; };
/* End PBXBuildFile section */

/* Begin PBXContainerItemProxy section */
		B20568122641A35600538E4A /* PBXContainerItemProxy */ = {
			isa = PBXContainerItemProxy;
			containerPortal = B20567F32641A35500538E4A /* Project object */;
			proxyType = 1;
			remoteGlobalIDString = B20567FA2641A35500538E4A;
			remoteInfo = UserDefaults;
		};
		B205681D2641A35600538E4A /* PBXContainerItemProxy */ = {
			isa = PBXContainerItemProxy;
			containerPortal = B20567F32641A35500538E4A /* Project object */;
			proxyType = 1;
			remoteGlobalIDString = B20567FA2641A35500538E4A;
			remoteInfo = UserDefaults;
		};
/* End PBXContainerItemProxy section */

/* Begin PBXFileReference section */
		B20567FB2641A35500538E4A /* UserDefaults.app */ = {isa = PBXFileReference; explicitFileType = wrapper.application; includeInIndex = 0; path = UserDefaults.app; sourceTree = BUILT_PRODUCTS_DIR; };
		B20567FE2641A35500538E4A /* AppDelegate.swift */ = {isa = PBXFileReference; lastKnownFileType = sourcecode.swift; path = AppDelegate.swift; sourceTree = "<group>"; };
		B20568002641A35500538E4A /* SceneDelegate.swift */ = {isa = PBXFileReference; lastKnownFileType = sourcecode.swift; path = SceneDelegate.swift; sourceTree = "<group>"; };
		B20568022641A35500538E4A /* ViewController.swift */ = {isa = PBXFileReference; lastKnownFileType = sourcecode.swift; path = ViewController.swift; sourceTree = "<group>"; };
		B20568052641A35500538E4A /* Base */ = {isa = PBXFileReference; lastKnownFileType = file.storyboard; name = Base; path = Base.lproj/Main.storyboard; sourceTree = "<group>"; };
		B20568072641A35600538E4A /* Assets.xcassets */ = {isa = PBXFileReference; lastKnownFileType = folder.assetcatalog; path = Assets.xcassets; sourceTree = "<group>"; };
		B205680A2641A35600538E4A /* Base */ = {isa = PBXFileReference; lastKnownFileType = file.storyboard; name = Base; path = Base.lproj/LaunchScreen.storyboard; sourceTree = "<group>"; };
		B205680C2641A35600538E4A /* Info.plist */ = {isa = PBXFileReference; lastKnownFileType = text.plist.xml; path = Info.plist; sourceTree = "<group>"; };
		B20568112641A35600538E4A /* UserDefaultsTests.xctest */ = {isa = PBXFileReference; explicitFileType = wrapper.cfbundle; includeInIndex = 0; path = UserDefaultsTests.xctest; sourceTree = BUILT_PRODUCTS_DIR; };
		B20568152641A35600538E4A /* UserDefaultsTests.swift */ = {isa = PBXFileReference; lastKnownFileType = sourcecode.swift; path = UserDefaultsTests.swift; sourceTree = "<group>"; };
		B20568172641A35600538E4A /* Info.plist */ = {isa = PBXFileReference; lastKnownFileType = text.plist.xml; path = Info.plist; sourceTree = "<group>"; };
		B205681C2641A35600538E4A /* UserDefaultsUITests.xctest */ = {isa = PBXFileReference; explicitFileType = wrapper.cfbundle; includeInIndex = 0; path = UserDefaultsUITests.xctest; sourceTree = BUILT_PRODUCTS_DIR; };
		B20568202641A35600538E4A /* UserDefaultsUITests.swift */ = {isa = PBXFileReference; lastKnownFileType = sourcecode.swift; path = UserDefaultsUITests.swift; sourceTree = "<group>"; };
		B20568222641A35600538E4A /* Info.plist */ = {isa = PBXFileReference; lastKnownFileType = text.plist.xml; path = Info.plist; sourceTree = "<group>"; };
/* End PBXFileReference section */

/* Begin PBXFrameworksBuildPhase section */
		B20567F82641A35500538E4A /* Frameworks */ = {
			isa = PBXFrameworksBuildPhase;
			buildActionMask = 2147483647;
			files = (
			);
			runOnlyForDeploymentPostprocessing = 0;
		};
		B205680E2641A35600538E4A /* Frameworks */ = {
			isa = PBXFrameworksBuildPhase;
			buildActionMask = 2147483647;
			files = (
			);
			runOnlyForDeploymentPostprocessing = 0;
		};
		B20568192641A35600538E4A /* Frameworks */ = {
			isa = PBXFrameworksBuildPhase;
			buildActionMask = 2147483647;
			files = (
			);
			runOnlyForDeploymentPostprocessing = 0;
		};
/* End PBXFrameworksBuildPhase section */

/* Begin PBXGroup section */
		B20567F22641A35500538E4A = {
			isa = PBXGroup;
			children = (
				B20567FD2641A35500538E4A /* UserDefaults */,
				B20568142641A35600538E4A /* UserDefaultsTests */,
				B205681F2641A35600538E4A /* UserDefaultsUITests */,
				B20567FC2641A35500538E4A /* Products */,
			);
			sourceTree = "<group>";
		};
		B20567FC2641A35500538E4A /* Products */ = {
			isa = PBXGroup;
			children = (
				B20567FB2641A35500538E4A /* UserDefaults.app */,
				B20568112641A35600538E4A /* UserDefaultsTests.xctest */,
				B205681C2641A35600538E4A /* UserDefaultsUITests.xctest */,
			);
			name = Products;
			sourceTree = "<group>";
		};
		B20567FD2641A35500538E4A /* UserDefaults */ = {
			isa = PBXGroup;
			children = (
				B20567FE2641A35500538E4A /* AppDelegate.swift */,
				B20568002641A35500538E4A /* SceneDelegate.swift */,
				B20568022641A35500538E4A /* ViewController.swift */,
				B20568042641A35500538E4A /* Main.storyboard */,
				B20568072641A35600538E4A /* Assets.xcassets */,
				B20568092641A35600538E4A /* LaunchScreen.storyboard */,
				B205680C2641A35600538E4A /* Info.plist */,
			);
			path = UserDefaults;
			sourceTree = "<group>";
		};
		B20568142641A35600538E4A /* UserDefaultsTests */ = {
			isa = PBXGroup;
			children = (
				B20568152641A35600538E4A /* UserDefaultsTests.swift */,
				B20568172641A35600538E4A /* Info.plist */,
			);
			path = UserDefaultsTests;
			sourceTree = "<group>";
		};
		B205681F2641A35600538E4A /* UserDefaultsUITests */ = {
			isa = PBXGroup;
			children = (
				B20568202641A35600538E4A /* UserDefaultsUITests.swift */,
				B20568222641A35600538E4A /* Info.plist */,
			);
			path = UserDefaultsUITests;
			sourceTree = "<group>";
		};
/* End PBXGroup section */

/* Begin PBXNativeTarget section */
		B20567FA2641A35500538E4A /* UserDefaults */ = {
			isa = PBXNativeTarget;
			buildConfigurationList = B20568252641A35600538E4A /* Build configuration list for PBXNativeTarget "UserDefaults" */;
			buildPhases = (
				B20567F72641A35500538E4A /* Sources */,
				B20567F82641A35500538E4A /* Frameworks */,
				B20567F92641A35500538E4A /* Resources */,
			);
			buildRules = (
			);
			dependencies = (
			);
			name = UserDefaults;
			productName = UserDefaults;
			productReference = B20567FB2641A35500538E4A /* UserDefaults.app */;
			productType = "com.apple.product-type.application";
		};
		B20568102641A35600538E4A /* UserDefaultsTests */ = {
			isa = PBXNativeTarget;
			buildConfigurationList = B20568282641A35600538E4A /* Build configuration list for PBXNativeTarget "UserDefaultsTests" */;
			buildPhases = (
				B205680D2641A35600538E4A /* Sources */,
				B205680E2641A35600538E4A /* Frameworks */,
				B205680F2641A35600538E4A /* Resources */,
			);
			buildRules = (
			);
			dependencies = (
				B20568132641A35600538E4A /* PBXTargetDependency */,
			);
			name = UserDefaultsTests;
			productName = UserDefaultsTests;
			productReference = B20568112641A35600538E4A /* UserDefaultsTests.xctest */;
			productType = "com.apple.product-type.bundle.unit-test";
		};
		B205681B2641A35600538E4A /* UserDefaultsUITests */ = {
			isa = PBXNativeTarget;
			buildConfigurationList = B205682B2641A35600538E4A /* Build configuration list for PBXNativeTarget "UserDefaultsUITests" */;
			buildPhases = (
				B20568182641A35600538E4A /* Sources */,
				B20568192641A35600538E4A /* Frameworks */,
				B205681A2641A35600538E4A /* Resources */,
			);
			buildRules = (
			);
			dependencies = (
				B205681E2641A35600538E4A /* PBXTargetDependency */,
			);
			name = UserDefaultsUITests;
			productName = UserDefaultsUITests;
			productReference = B205681C2641A35600538E4A /* UserDefaultsUITests.xctest */;
			productType = "com.apple.product-type.bundle.ui-testing";
		};
/* End PBXNativeTarget section */

/* Begin PBXProject section */
		B20567F32641A35500538E4A /* Project object */ = {
			isa = PBXProject;
			attributes = {
				LastSwiftUpdateCheck = 1240;
				LastUpgradeCheck = 1240;
				TargetAttributes = {
					B20567FA2641A35500538E4A = {
						CreatedOnToolsVersion = 12.4;
					};
					B20568102641A35600538E4A = {
						CreatedOnToolsVersion = 12.4;
						TestTargetID = B20567FA2641A35500538E4A;
					};
					B205681B2641A35600538E4A = {
						CreatedOnToolsVersion = 12.4;
						TestTargetID = B20567FA2641A35500538E4A;
					};
				};
			};
			buildConfigurationList = B20567F62641A35500538E4A /* Build configuration list for PBXProject "UserDefaults" */;
			compatibilityVersion = "Xcode 9.3";
			developmentRegion = en;
			hasScannedForEncodings = 0;
			knownRegions = (
				en,
				Base,
			);
			mainGroup = B20567F22641A35500538E4A;
			productRefGroup = B20567FC2641A35500538E4A /* Products */;
			projectDirPath = "";
			projectRoot = "";
			targets = (
				B20567FA2641A35500538E4A /* UserDefaults */,
				B20568102641A35600538E4A /* UserDefaultsTests */,
				B205681B2641A35600538E4A /* UserDefaultsUITests */,
			);
		};
/* End PBXProject section */

/* Begin PBXResourcesBuildPhase section */
		B20567F92641A35500538E4A /* Resources */ = {
			isa = PBXResourcesBuildPhase;
			buildActionMask = 2147483647;
			files = (
				B205680B2641A35600538E4A /* LaunchScreen.storyboard in Resources */,
				B20568082641A35600538E4A /* Assets.xcassets in Resources */,
				B20568062641A35500538E4A /* Main.storyboard in Resources */,
			);
			runOnlyForDeploymentPostprocessing = 0;
		};
		B205680F2641A35600538E4A /* Resources */ = {
			isa = PBXResourcesBuildPhase;
			buildActionMask = 2147483647;
			files = (
			);
			runOnlyForDeploymentPostprocessing = 0;
		};
		B205681A2641A35600538E4A /* Resources */ = {
			isa = PBXResourcesBuildPhase;
			buildActionMask = 2147483647;
			files = (
			);
			runOnlyForDeploymentPostprocessing = 0;
		};
/* End PBXResourcesBuildPhase section */

/* Begin PBXSourcesBuildPhase section */
		B20567F72641A35500538E4A /* Sources */ = {
			isa = PBXSourcesBuildPhase;
			buildActionMask = 2147483647;
			files = (
				B20568032641A35500538E4A /* ViewController.swift in Sources */,
				B20567FF2641A35500538E4A /* AppDelegate.swift in Sources */,
				B20568012641A35500538E4A /* SceneDelegate.swift in Sources */,
			);
			runOnlyForDeploymentPostprocessing = 0;
		};
		B205680D2641A35600538E4A /* Sources */ = {
			isa = PBXSourcesBuildPhase;
			buildActionMask = 2147483647;
			files = (
				B20568162641A35600538E4A /* UserDefaultsTests.swift in Sources */,
			);
			runOnlyForDeploymentPostprocessing = 0;
		};
		B20568182641A35600538E4A /* Sources */ = {
			isa = PBXSourcesBuildPhase;
			buildActionMask = 2147483647;
			files = (
				B20568212641A35600538E4A /* UserDefaultsUITests.swift in Sources */,
			);
			runOnlyForDeploymentPostprocessing = 0;
		};
/* End PBXSourcesBuildPhase section */

/* Begin PBXTargetDependency section */
		B20568132641A35600538E4A /* PBXTargetDependency */ = {
			isa = PBXTargetDependency;
			target = B20567FA2641A35500538E4A /* UserDefaults */;
			targetProxy = B20568122641A35600538E4A /* PBXContainerItemProxy */;
		};
		B205681E2641A35600538E4A /* PBXTargetDependency */ = {
			isa = PBXTargetDependency;
			target = B20567FA2641A35500538E4A /* UserDefaults */;
			targetProxy = B205681D2641A35600538E4A /* PBXContainerItemProxy */;
		};
/* End PBXTargetDependency section */

/* Begin PBXVariantGroup section */
		B20568042641A35500538E4A /* Main.storyboard */ = {
			isa = PBXVariantGroup;
			children = (
				B20568052641A35500538E4A /* Base */,
			);
			name = Main.storyboard;
			sourceTree = "<group>";
		};
		B20568092641A35600538E4A /* LaunchScreen.storyboard */ = {
			isa = PBXVariantGroup;
			children = (
				B205680A2641A35600538E4A /* Base */,
			);
			name = LaunchScreen.storyboard;
			sourceTree = "<group>";
		};
/* End PBXVariantGroup section */

/* Begin XCBuildConfiguration section */
		B20568232641A35600538E4A /* Debug */ = {
			isa = XCBuildConfiguration;
			buildSettings = {
				ALWAYS_SEARCH_USER_PATHS = NO;
				CLANG_ANALYZER_NONNULL = YES;
				CLANG_ANALYZER_NUMBER_OBJECT_CONVERSION = YES_AGGRESSIVE;
				CLANG_CXX_LANGUAGE_STANDARD = "gnu++14";
				CLANG_CXX_LIBRARY = "libc++";
				CLANG_ENABLE_MODULES = YES;
				CLANG_ENABLE_OBJC_ARC = YES;
				CLANG_ENABLE_OBJC_WEAK = YES;
				CLANG_WARN_BLOCK_CAPTURE_AUTORELEASING = YES;
				CLANG_WARN_BOOL_CONVERSION = YES;
				CLANG_WARN_COMMA = YES;
				CLANG_WARN_CONSTANT_CONVERSION = YES;
				CLANG_WARN_DEPRECATED_OBJC_IMPLEMENTATIONS = YES;
				CLANG_WARN_DIRECT_OBJC_ISA_USAGE = YES_ERROR;
				CLANG_WARN_DOCUMENTATION_COMMENTS = YES;
				CLANG_WARN_EMPTY_BODY = YES;
				CLANG_WARN_ENUM_CONVERSION = YES;
				CLANG_WARN_INFINITE_RECURSION = YES;
				CLANG_WARN_INT_CONVERSION = YES;
				CLANG_WARN_NON_LITERAL_NULL_CONVERSION = YES;
				CLANG_WARN_OBJC_IMPLICIT_RETAIN_SELF = YES;
				CLANG_WARN_OBJC_LITERAL_CONVERSION = YES;
				CLANG_WARN_OBJC_ROOT_CLASS = YES_ERROR;
				CLANG_WARN_QUOTED_INCLUDE_IN_FRAMEWORK_HEADER = YES;
				CLANG_WARN_RANGE_LOOP_ANALYSIS = YES;
				CLANG_WARN_STRICT_PROTOTYPES = YES;
				CLANG_WARN_SUSPICIOUS_MOVE = YES;
				CLANG_WARN_UNGUARDED_AVAILABILITY = YES_AGGRESSIVE;
				CLANG_WARN_UNREACHABLE_CODE = YES;
				CLANG_WARN__DUPLICATE_METHOD_MATCH = YES;
				COPY_PHASE_STRIP = NO;
				DEBUG_INFORMATION_FORMAT = dwarf;
				ENABLE_STRICT_OBJC_MSGSEND = YES;
				ENABLE_TESTABILITY = YES;
				GCC_C_LANGUAGE_STANDARD = gnu11;
				GCC_DYNAMIC_NO_PIC = NO;
				GCC_NO_COMMON_BLOCKS = YES;
				GCC_OPTIMIZATION_LEVEL = 0;
				GCC_PREPROCESSOR_DEFINITIONS = (
					"DEBUG=1",
					"$(inherited)",
				);
				GCC_WARN_64_TO_32_BIT_CONVERSION = YES;
				GCC_WARN_ABOUT_RETURN_TYPE = YES_ERROR;
				GCC_WARN_UNDECLARED_SELECTOR = YES;
				GCC_WARN_UNINITIALIZED_AUTOS = YES_AGGRESSIVE;
				GCC_WARN_UNUSED_FUNCTION = YES;
				GCC_WARN_UNUSED_VARIABLE = YES;
				IPHONEOS_DEPLOYMENT_TARGET = 14.4;
				MTL_ENABLE_DEBUG_INFO = INCLUDE_SOURCE;
				MTL_FAST_MATH = YES;
				ONLY_ACTIVE_ARCH = YES;
				SDKROOT = iphoneos;
				SWIFT_ACTIVE_COMPILATION_CONDITIONS = DEBUG;
				SWIFT_OPTIMIZATION_LEVEL = "-Onone";
			};
			name = Debug;
		};
		B20568242641A35600538E4A /* Release */ = {
			isa = XCBuildConfiguration;
			buildSettings = {
				ALWAYS_SEARCH_USER_PATHS = NO;
				CLANG_ANALYZER_NONNULL = YES;
				CLANG_ANALYZER_NUMBER_OBJECT_CONVERSION = YES_AGGRESSIVE;
				CLANG_CXX_LANGUAGE_STANDARD = "gnu++14";
				CLANG_CXX_LIBRARY = "libc++";
				CLANG_ENABLE_MODULES = YES;
				CLANG_ENABLE_OBJC_ARC = YES;
				CLANG_ENABLE_OBJC_WEAK = YES;
				CLANG_WARN_BLOCK_CAPTURE_AUTORELEASING = YES;
				CLANG_WARN_BOOL_CONVERSION = YES;
				CLANG_WARN_COMMA = YES;
				CLANG_WARN_CONSTANT_CONVERSION = YES;
				CLANG_WARN_DEPRECATED_OBJC_IMPLEMENTATIONS = YES;
				CLANG_WARN_DIRECT_OBJC_ISA_USAGE = YES_ERROR;
				CLANG_WARN_DOCUMENTATION_COMMENTS = YES;
				CLANG_WARN_EMPTY_BODY = YES;
				CLANG_WARN_ENUM_CONVERSION = YES;
				CLANG_WARN_INFINITE_RECURSION = YES;
				CLANG_WARN_INT_CONVERSION = YES;
				CLANG_WARN_NON_LITERAL_NULL_CONVERSION = YES;
				CLANG_WARN_OBJC_IMPLICIT_RETAIN_SELF = YES;
				CLANG_WARN_OBJC_LITERAL_CONVERSION = YES;
				CLANG_WARN_OBJC_ROOT_CLASS = YES_ERROR;
				CLANG_WARN_QUOTED_INCLUDE_IN_FRAMEWORK_HEADER = YES;
				CLANG_WARN_RANGE_LOOP_ANALYSIS = YES;
				CLANG_WARN_STRICT_PROTOTYPES = YES;
				CLANG_WARN_SUSPICIOUS_MOVE = YES;
				CLANG_WARN_UNGUARDED_AVAILABILITY = YES_AGGRESSIVE;
				CLANG_WARN_UNREACHABLE_CODE = YES;
				CLANG_WARN__DUPLICATE_METHOD_MATCH = YES;
				COPY_PHASE_STRIP = NO;
				DEBUG_INFORMATION_FORMAT = "dwarf-with-dsym";
				ENABLE_NS_ASSERTIONS = NO;
				ENABLE_STRICT_OBJC_MSGSEND = YES;
				GCC_C_LANGUAGE_STANDARD = gnu11;
				GCC_NO_COMMON_BLOCKS = YES;
				GCC_WARN_64_TO_32_BIT_CONVERSION = YES;
				GCC_WARN_ABOUT_RETURN_TYPE = YES_ERROR;
				GCC_WARN_UNDECLARED_SELECTOR = YES;
				GCC_WARN_UNINITIALIZED_AUTOS = YES_AGGRESSIVE;
				GCC_WARN_UNUSED_FUNCTION = YES;
				GCC_WARN_UNUSED_VARIABLE = YES;
				IPHONEOS_DEPLOYMENT_TARGET = 14.4;
				MTL_ENABLE_DEBUG_INFO = NO;
				MTL_FAST_MATH = YES;
				SDKROOT = iphoneos;
				SWIFT_COMPILATION_MODE = wholemodule;
				SWIFT_OPTIMIZATION_LEVEL = "-O";
				VALIDATE_PRODUCT = YES;
			};
			name = Release;
		};
		B20568262641A35600538E4A /* Debug */ = {
			isa = XCBuildConfiguration;
			buildSettings = {
				ASSETCATALOG_COMPILER_APPICON_NAME = AppIcon;
				ASSETCATALOG_COMPILER_GLOBAL_ACCENT_COLOR_NAME = AccentColor;
				CODE_SIGN_STYLE = Automatic;
				INFOPLIST_FILE = UserDefaults/Info.plist;
				LD_RUNPATH_SEARCH_PATHS = (
					"$(inherited)",
					"@executable_path/Frameworks",
				);
				PRODUCT_BUNDLE_IDENTIFIER = com.japocoin.UserDefaults;
				PRODUCT_NAME = "$(TARGET_NAME)";
				SWIFT_VERSION = 5.0;
				TARGETED_DEVICE_FAMILY = "1,2";
			};
			name = Debug;
		};
		B20568272641A35600538E4A /* Release */ = {
			isa = XCBuildConfiguration;
			buildSettings = {
				ASSETCATALOG_COMPILER_APPICON_NAME = AppIcon;
				ASSETCATALOG_COMPILER_GLOBAL_ACCENT_COLOR_NAME = AccentColor;
				CODE_SIGN_STYLE = Automatic;
				INFOPLIST_FILE = UserDefaults/Info.plist;
				LD_RUNPATH_SEARCH_PATHS = (
					"$(inherited)",
					"@executable_path/Frameworks",
				);
				PRODUCT_BUNDLE_IDENTIFIER = com.japocoin.UserDefaults;
				PRODUCT_NAME = "$(TARGET_NAME)";
				SWIFT_VERSION = 5.0;
				TARGETED_DEVICE_FAMILY = "1,2";
			};
			name = Release;
		};
		B20568292641A35600538E4A /* Debug */ = {
			isa = XCBuildConfiguration;
			buildSettings = {
				ALWAYS_EMBED_SWIFT_STANDARD_LIBRARIES = YES;
				BUNDLE_LOADER = "$(TEST_HOST)";
				CODE_SIGN_STYLE = Automatic;
				INFOPLIST_FILE = UserDefaultsTests/Info.plist;
				IPHONEOS_DEPLOYMENT_TARGET = 14.4;
				LD_RUNPATH_SEARCH_PATHS = (
					"$(inherited)",
					"@executable_path/Frameworks",
					"@loader_path/Frameworks",
				);
				PRODUCT_BUNDLE_IDENTIFIER = com.japocoin.UserDefaultsTests;
				PRODUCT_NAME = "$(TARGET_NAME)";
				SWIFT_VERSION = 5.0;
				TARGETED_DEVICE_FAMILY = "1,2";
				TEST_HOST = "$(BUILT_PRODUCTS_DIR)/UserDefaults.app/UserDefaults";
			};
			name = Debug;
		};
		B205682A2641A35600538E4A /* Release */ = {
			isa = XCBuildConfiguration;
			buildSettings = {
				ALWAYS_EMBED_SWIFT_STANDARD_LIBRARIES = YES;
				BUNDLE_LOADER = "$(TEST_HOST)";
				CODE_SIGN_STYLE = Automatic;
				INFOPLIST_FILE = UserDefaultsTests/Info.plist;
				IPHONEOS_DEPLOYMENT_TARGET = 14.4;
				LD_RUNPATH_SEARCH_PATHS = (
					"$(inherited)",
					"@executable_path/Frameworks",
					"@loader_path/Frameworks",
				);
				PRODUCT_BUNDLE_IDENTIFIER = com.japocoin.UserDefaultsTests;
				PRODUCT_NAME = "$(TARGET_NAME)";
				SWIFT_VERSION = 5.0;
				TARGETED_DEVICE_FAMILY = "1,2";
				TEST_HOST = "$(BUILT_PRODUCTS_DIR)/UserDefaults.app/UserDefaults";
			};
			name = Release;
		};
		B205682C2641A35600538E4A /* Debug */ = {
			isa = XCBuildConfiguration;
			buildSettings = {
				ALWAYS_EMBED_SWIFT_STANDARD_LIBRARIES = YES;
				CODE_SIGN_STYLE = Automatic;
				INFOPLIST_FILE = UserDefaultsUITests/Info.plist;
				LD_RUNPATH_SEARCH_PATHS = (
					"$(inherited)",
					"@executable_path/Frameworks",
					"@loader_path/Frameworks",
				);
				PRODUCT_BUNDLE_IDENTIFIER = com.japocoin.UserDefaultsUITests;
				PRODUCT_NAME = "$(TARGET_NAME)";
				SWIFT_VERSION = 5.0;
				TARGETED_DEVICE_FAMILY = "1,2";
				TEST_TARGET_NAME = UserDefaults;
			};
			name = Debug;
		};
		B205682D2641A35600538E4A /* Release */ = {
			isa = XCBuildConfiguration;
			buildSettings = {
				ALWAYS_EMBED_SWIFT_STANDARD_LIBRARIES = YES;
				CODE_SIGN_STYLE = Automatic;
				INFOPLIST_FILE = UserDefaultsUITests/Info.plist;
				LD_RUNPATH_SEARCH_PATHS = (
					"$(inherited)",
					"@executable_path/Frameworks",
					"@loader_path/Frameworks",
				);
				PRODUCT_BUNDLE_IDENTIFIER = com.japocoin.UserDefaultsUITests;
				PRODUCT_NAME = "$(TARGET_NAME)";
				SWIFT_VERSION = 5.0;
				TARGETED_DEVICE_FAMILY = "1,2";
				TEST_TARGET_NAME = UserDefaults;
			};
			name = Release;
		};
/* End XCBuildConfiguration section */

/* Begin XCConfigurationList section */
		B20567F62641A35500538E4A /* Build configuration list for PBXProject "UserDefaults" */ = {
			isa = XCConfigurationList;
			buildConfigurations = (
				B20568232641A35600538E4A /* Debug */,
				B20568242641A35600538E4A /* Release */,
			);
			defaultConfigurationIsVisible = 0;
			defaultConfigurationName = Release;
		};
		B20568252641A35600538E4A /* Build configuration list for PBXNativeTarget "UserDefaults" */ = {
			isa = XCConfigurationList;
			buildConfigurations = (
				B20568262641A35600538E4A /* Debug */,
				B20568272641A35600538E4A /* Release */,
			);
			defaultConfigurationIsVisible = 0;
			defaultConfigurationName = Release;
		};
		B20568282641A35600538E4A /* Build configuration list for PBXNativeTarget "UserDefaultsTests" */ = {
			isa = XCConfigurationList;
			buildConfigurations = (
				B20568292641A35600538E4A /* Debug */,
				B205682A2641A35600538E4A /* Release */,
			);
			defaultConfigurationIsVisible = 0;
			defaultConfigurationName = Release;
		};
		B205682B2641A35600538E4A /* Build configuration list for PBXNativeTarget "UserDefaultsUITests" */ = {
			isa = XCConfigurationList;
			buildConfigurations = (
				B205682C2641A35600538E4A /* Debug */,
				B205682D2641A35600538E4A /* Release */,
			);
			defaultConfigurationIsVisible = 0;
			defaultConfigurationName = Release;
		};
/* End XCConfigurationList section */
	};
	rootObject = B20567F32641A35500538E4A /* Project object */;
}
